
Microsoft Visual Studio Solution File, Format Version 12.00
# Visual Studio Version 16
VisualStudioVersion = 16.0.30406.217
MinimumVisualStudioVersion = 10.0.40219.1
Project("{D954291E-2A0B-460D-934E-DC6B0785DB48}") = "FlexPanelTest.Shared", "FlexPanelTest\FlexPanelTest.Shared\FlexPanelTest.Shared.shproj", "{6279C845-92F8-4333-AB99-3D213163593C}"
EndProject
Project("{FAE04EC0-301F-11D3-BF4B-00C04F79EFBC}") = "FlexPanelTest.Droid", "FlexPanelTest\FlexPanelTest.Droid\FlexPanelTest.Droid.csproj", "{9FB74CE4-E929-49A6-80E5-302C0AFB00A6}"
EndProject
Project("{FAE04EC0-301F-11D3-BF4B-00C04F79EFBC}") = "FlexPanelTest.iOS", "FlexPanelTest\FlexPanelTest.iOS\FlexPanelTest.iOS.csproj", "{8AD21421-C0FB-4EFC-90AC-FE2B774EB30A}"
EndProject
Project("{FAE04EC0-301F-11D3-BF4B-00C04F79EFBC}") = "FlexPanelTest.UWP", "FlexPanelTest\FlexPanelTest.UWP\FlexPanelTest.UWP.csproj", "{27EFD05B-BE75-4F4A-848E-CF700D6B624E}"
EndProject
Project("{FAE04EC0-301F-11D3-BF4B-00C04F79EFBC}") = "FlexPanelTest.Wasm", "FlexPanelTest\FlexPanelTest.Wasm\FlexPanelTest.Wasm.csproj", "{1DFB5EBC-1AC1-496D-BEC7-8E0D19A6CCC1}"
EndProject
Project("{FAE04EC0-301F-11D3-BF4B-00C04F79EFBC}") = "FlexPanelTest.macOS", "FlexPanelTest\FlexPanelTest.macOS\FlexPanelTest.macOS.csproj", "{501E7890-708A-4B4E-96DA-23E1DF627074}"
EndProject
Project("{2150E333-8FDC-42A3-9474-1A3956D46DE8}") = "FlexPanelTestPlatformProjects", "FlexPanelTestPlatformProjects", "{8D0D1805-2F0B-4C97-AA01-7648BEDA25D7}"
EndProject
Global
	GlobalSection(SharedMSBuildProjectFiles) = preSolution
		FlexPanelTest\FlexPanelTest.Shared\FlexPanelTest.Shared.projitems*{1dfb5ebc-1ac1-496d-bec7-8e0d19a6ccc1}*SharedItemsImports = 5
		FlexPanelTest\FlexPanelTest.Shared\FlexPanelTest.Shared.projitems*{27efd05b-be75-4f4a-848e-cf700d6b624e}*SharedItemsImports = 4
		FlexPanelTest\FlexPanelTest.Shared\FlexPanelTest.Shared.projitems*{501e7890-708a-4b4e-96da-23e1df627074}*SharedItemsImports = 4
		FlexPanelTest\FlexPanelTest.Shared\FlexPanelTest.Shared.projitems*{6279c845-92f8-4333-ab99-3d213163593c}*SharedItemsImports = 13
		FlexPanelTest\FlexPanelTest.Shared\FlexPanelTest.Shared.projitems*{8ad21421-c0fb-4efc-90ac-fe2b774eb30a}*SharedItemsImports = 4
		FlexPanelTest\FlexPanelTest.Shared\FlexPanelTest.Shared.projitems*{9fb74ce4-e929-49a6-80e5-302c0afb00a6}*SharedItemsImports = 4
	EndGlobalSection
	GlobalSection(SolutionConfigurationPlatforms) = preSolution
		Ad-Hoc|Any CPU = Ad-Hoc|Any CPU
		Ad-Hoc|ARM = Ad-Hoc|ARM
		Ad-Hoc|ARM64 = Ad-Hoc|ARM64
		Ad-Hoc|iPhone = Ad-Hoc|iPhone
		Ad-Hoc|iPhoneSimulator = Ad-Hoc|iPhoneSimulator
		Ad-Hoc|x64 = Ad-Hoc|x64
		Ad-Hoc|x86 = Ad-Hoc|x86
		AppStore|Any CPU = AppStore|Any CPU
		AppStore|ARM = AppStore|ARM
		AppStore|ARM64 = AppStore|ARM64
		AppStore|iPhone = AppStore|iPhone
		AppStore|iPhoneSimulator = AppStore|iPhoneSimulator
		AppStore|x64 = AppStore|x64
		AppStore|x86 = AppStore|x86
		Debug|Any CPU = Debug|Any CPU
		Debug|ARM = Debug|ARM
		Debug|ARM64 = Debug|ARM64
		Debug|iPhone = Debug|iPhone
		Debug|iPhoneSimulator = Debug|iPhoneSimulator
		Debug|x64 = Debug|x64
		Debug|x86 = Debug|x86
		Release|Any CPU = Release|Any CPU
		Release|ARM = Release|ARM
		Release|ARM64 = Release|ARM64
		Release|iPhone = Release|iPhone
		Release|iPhoneSimulator = Release|iPhoneSimulator
		Release|x64 = Release|x64
		Release|x86 = Release|x86
	EndGlobalSection
	GlobalSection(ProjectConfigurationPlatforms) = postSolution
		{9FB74CE4-E929-49A6-80E5-302C0AFB00A6}.Ad-Hoc|Any CPU.ActiveCfg = Release|Any CPU
		{9FB74CE4-E929-49A6-80E5-302C0AFB00A6}.Ad-Hoc|Any CPU.Build.0 = Release|Any CPU
		{9FB74CE4-E929-49A6-80E5-302C0AFB00A6}.Ad-Hoc|Any CPU.Deploy.0 = Release|Any CPU
		{9FB74CE4-E929-49A6-80E5-302C0AFB00A6}.Ad-Hoc|ARM.ActiveCfg = Release|Any CPU
		{9FB74CE4-E929-49A6-80E5-302C0AFB00A6}.Ad-Hoc|ARM.Build.0 = Release|Any CPU
		{9FB74CE4-E929-49A6-80E5-302C0AFB00A6}.Ad-Hoc|ARM.Deploy.0 = Release|Any CPU
		{9FB74CE4-E929-49A6-80E5-302C0AFB00A6}.Ad-Hoc|ARM64.ActiveCfg = Release|Any CPU
		{9FB74CE4-E929-49A6-80E5-302C0AFB00A6}.Ad-Hoc|ARM64.Build.0 = Release|Any CPU
		{9FB74CE4-E929-49A6-80E5-302C0AFB00A6}.Ad-Hoc|ARM64.Deploy.0 = Release|Any CPU
		{9FB74CE4-E929-49A6-80E5-302C0AFB00A6}.Ad-Hoc|iPhone.ActiveCfg = Release|Any CPU
		{9FB74CE4-E929-49A6-80E5-302C0AFB00A6}.Ad-Hoc|iPhone.Build.0 = Release|Any CPU
		{9FB74CE4-E929-49A6-80E5-302C0AFB00A6}.Ad-Hoc|iPhone.Deploy.0 = Release|Any CPU
		{9FB74CE4-E929-49A6-80E5-302C0AFB00A6}.Ad-Hoc|iPhoneSimulator.ActiveCfg = Release|Any CPU
		{9FB74CE4-E929-49A6-80E5-302C0AFB00A6}.Ad-Hoc|iPhoneSimulator.Build.0 = Release|Any CPU
		{9FB74CE4-E929-49A6-80E5-302C0AFB00A6}.Ad-Hoc|iPhoneSimulator.Deploy.0 = Release|Any CPU
		{9FB74CE4-E929-49A6-80E5-302C0AFB00A6}.Ad-Hoc|x64.ActiveCfg = Release|Any CPU
		{9FB74CE4-E929-49A6-80E5-302C0AFB00A6}.Ad-Hoc|x64.Build.0 = Release|Any CPU
		{9FB74CE4-E929-49A6-80E5-302C0AFB00A6}.Ad-Hoc|x64.Deploy.0 = Release|Any CPU
		{9FB74CE4-E929-49A6-80E5-302C0AFB00A6}.Ad-Hoc|x86.ActiveCfg = Release|Any CPU
		{9FB74CE4-E929-49A6-80E5-302C0AFB00A6}.Ad-Hoc|x86.Build.0 = Release|Any CPU
		{9FB74CE4-E929-49A6-80E5-302C0AFB00A6}.Ad-Hoc|x86.Deploy.0 = Release|Any CPU
		{9FB74CE4-E929-49A6-80E5-302C0AFB00A6}.AppStore|Any CPU.ActiveCfg = Release|Any CPU
		{9FB74CE4-E929-49A6-80E5-302C0AFB00A6}.AppStore|Any CPU.Build.0 = Release|Any CPU
		{9FB74CE4-E929-49A6-80E5-302C0AFB00A6}.AppStore|Any CPU.Deploy.0 = Release|Any CPU
		{9FB74CE4-E929-49A6-80E5-302C0AFB00A6}.AppStore|ARM.ActiveCfg = Release|Any CPU
		{9FB74CE4-E929-49A6-80E5-302C0AFB00A6}.AppStore|ARM.Build.0 = Release|Any CPU
		{9FB74CE4-E929-49A6-80E5-302C0AFB00A6}.AppStore|ARM.Deploy.0 = Release|Any CPU
		{9FB74CE4-E929-49A6-80E5-302C0AFB00A6}.AppStore|ARM64.ActiveCfg = Release|Any CPU
		{9FB74CE4-E929-49A6-80E5-302C0AFB00A6}.AppStore|ARM64.Build.0 = Release|Any CPU
		{9FB74CE4-E929-49A6-80E5-302C0AFB00A6}.AppStore|ARM64.Deploy.0 = Release|Any CPU
		{9FB74CE4-E929-49A6-80E5-302C0AFB00A6}.AppStore|iPhone.ActiveCfg = Release|Any CPU
		{9FB74CE4-E929-49A6-80E5-302C0AFB00A6}.AppStore|iPhone.Build.0 = Release|Any CPU
		{9FB74CE4-E929-49A6-80E5-302C0AFB00A6}.AppStore|iPhone.Deploy.0 = Release|Any CPU
		{9FB74CE4-E929-49A6-80E5-302C0AFB00A6}.AppStore|iPhoneSimulator.ActiveCfg = Release|Any CPU
		{9FB74CE4-E929-49A6-80E5-302C0AFB00A6}.AppStore|iPhoneSimulator.Build.0 = Release|Any CPU
		{9FB74CE4-E929-49A6-80E5-302C0AFB00A6}.AppStore|iPhoneSimulator.Deploy.0 = Release|Any CPU
		{9FB74CE4-E929-49A6-80E5-302C0AFB00A6}.AppStore|x64.ActiveCfg = Release|Any CPU
		{9FB74CE4-E929-49A6-80E5-302C0AFB00A6}.AppStore|x64.Build.0 = Release|Any CPU
		{9FB74CE4-E929-49A6-80E5-302C0AFB00A6}.AppStore|x64.Deploy.0 = Release|Any CPU
		{9FB74CE4-E929-49A6-80E5-302C0AFB00A6}.AppStore|x86.ActiveCfg = Release|Any CPU
		{9FB74CE4-E929-49A6-80E5-302C0AFB00A6}.AppStore|x86.Build.0 = Release|Any CPU
		{9FB74CE4-E929-49A6-80E5-302C0AFB00A6}.AppStore|x86.Deploy.0 = Release|Any CPU
		{9FB74CE4-E929-49A6-80E5-302C0AFB00A6}.Debug|Any CPU.ActiveCfg = Debug|Any CPU
		{9FB74CE4-E929-49A6-80E5-302C0AFB00A6}.Debug|Any CPU.Build.0 = Debug|Any CPU
		{9FB74CE4-E929-49A6-80E5-302C0AFB00A6}.Debug|Any CPU.Deploy.0 = Debug|Any CPU
		{9FB74CE4-E929-49A6-80E5-302C0AFB00A6}.Debug|ARM.ActiveCfg = Debug|Any CPU
		{9FB74CE4-E929-49A6-80E5-302C0AFB00A6}.Debug|ARM.Build.0 = Debug|Any CPU
		{9FB74CE4-E929-49A6-80E5-302C0AFB00A6}.Debug|ARM.Deploy.0 = Debug|Any CPU
		{9FB74CE4-E929-49A6-80E5-302C0AFB00A6}.Debug|ARM64.ActiveCfg = Debug|Any CPU
		{9FB74CE4-E929-49A6-80E5-302C0AFB00A6}.Debug|ARM64.Build.0 = Debug|Any CPU
		{9FB74CE4-E929-49A6-80E5-302C0AFB00A6}.Debug|ARM64.Deploy.0 = Debug|Any CPU
		{9FB74CE4-E929-49A6-80E5-302C0AFB00A6}.Debug|iPhone.ActiveCfg = Debug|Any CPU
		{9FB74CE4-E929-49A6-80E5-302C0AFB00A6}.Debug|iPhone.Build.0 = Debug|Any CPU
		{9FB74CE4-E929-49A6-80E5-302C0AFB00A6}.Debug|iPhone.Deploy.0 = Debug|Any CPU
		{9FB74CE4-E929-49A6-80E5-302C0AFB00A6}.Debug|iPhoneSimulator.ActiveCfg = Debug|Any CPU
		{9FB74CE4-E929-49A6-80E5-302C0AFB00A6}.Debug|iPhoneSimulator.Build.0 = Debug|Any CPU
		{9FB74CE4-E929-49A6-80E5-302C0AFB00A6}.Debug|iPhoneSimulator.Deploy.0 = Debug|Any CPU
		{9FB74CE4-E929-49A6-80E5-302C0AFB00A6}.Debug|x64.ActiveCfg = Debug|Any CPU
		{9FB74CE4-E929-49A6-80E5-302C0AFB00A6}.Debug|x64.Build.0 = Debug|Any CPU
		{9FB74CE4-E929-49A6-80E5-302C0AFB00A6}.Debug|x64.Deploy.0 = Debug|Any CPU
		{9FB74CE4-E929-49A6-80E5-302C0AFB00A6}.Debug|x86.ActiveCfg = Debug|Any CPU
		{9FB74CE4-E929-49A6-80E5-302C0AFB00A6}.Debug|x86.Build.0 = Debug|Any CPU
		{9FB74CE4-E929-49A6-80E5-302C0AFB00A6}.Debug|x86.Deploy.0 = Debug|Any CPU
		{9FB74CE4-E929-49A6-80E5-302C0AFB00A6}.Release|Any CPU.ActiveCfg = Release|Any CPU
		{9FB74CE4-E929-49A6-80E5-302C0AFB00A6}.Release|ARM.ActiveCfg = Release|Any CPU
		{9FB74CE4-E929-49A6-80E5-302C0AFB00A6}.Release|ARM.Build.0 = Release|Any CPU
		{9FB74CE4-E929-49A6-80E5-302C0AFB00A6}.Release|ARM.Deploy.0 = Release|Any CPU
		{9FB74CE4-E929-49A6-80E5-302C0AFB00A6}.Release|ARM64.ActiveCfg = Release|Any CPU
		{9FB74CE4-E929-49A6-80E5-302C0AFB00A6}.Release|ARM64.Build.0 = Release|Any CPU
		{9FB74CE4-E929-49A6-80E5-302C0AFB00A6}.Release|ARM64.Deploy.0 = Release|Any CPU
		{9FB74CE4-E929-49A6-80E5-302C0AFB00A6}.Release|iPhone.ActiveCfg = Release|Any CPU
		{9FB74CE4-E929-49A6-80E5-302C0AFB00A6}.Release|iPhone.Build.0 = Release|Any CPU
		{9FB74CE4-E929-49A6-80E5-302C0AFB00A6}.Release|iPhone.Deploy.0 = Release|Any CPU
		{9FB74CE4-E929-49A6-80E5-302C0AFB00A6}.Release|iPhoneSimulator.ActiveCfg = Release|Any CPU
		{9FB74CE4-E929-49A6-80E5-302C0AFB00A6}.Release|iPhoneSimulator.Build.0 = Release|Any CPU
		{9FB74CE4-E929-49A6-80E5-302C0AFB00A6}.Release|iPhoneSimulator.Deploy.0 = Release|Any CPU
		{9FB74CE4-E929-49A6-80E5-302C0AFB00A6}.Release|x64.ActiveCfg = Release|Any CPU
		{9FB74CE4-E929-49A6-80E5-302C0AFB00A6}.Release|x64.Build.0 = Release|Any CPU
		{9FB74CE4-E929-49A6-80E5-302C0AFB00A6}.Release|x64.Deploy.0 = Release|Any CPU
		{9FB74CE4-E929-49A6-80E5-302C0AFB00A6}.Release|x86.ActiveCfg = Release|Any CPU
		{9FB74CE4-E929-49A6-80E5-302C0AFB00A6}.Release|x86.Build.0 = Release|Any CPU
		{9FB74CE4-E929-49A6-80E5-302C0AFB00A6}.Release|x86.Deploy.0 = Release|Any CPU
		{8AD21421-C0FB-4EFC-90AC-FE2B774EB30A}.Ad-Hoc|Any CPU.ActiveCfg = Ad-Hoc|iPhone
		{8AD21421-C0FB-4EFC-90AC-FE2B774EB30A}.Ad-Hoc|ARM.ActiveCfg = Ad-Hoc|iPhone
		{8AD21421-C0FB-4EFC-90AC-FE2B774EB30A}.Ad-Hoc|ARM64.ActiveCfg = Ad-Hoc|iPhone
		{8AD21421-C0FB-4EFC-90AC-FE2B774EB30A}.Ad-Hoc|iPhone.ActiveCfg = Ad-Hoc|iPhone
		{8AD21421-C0FB-4EFC-90AC-FE2B774EB30A}.Ad-Hoc|iPhone.Build.0 = Ad-Hoc|iPhone
		{8AD21421-C0FB-4EFC-90AC-FE2B774EB30A}.Ad-Hoc|iPhoneSimulator.ActiveCfg = Ad-Hoc|iPhoneSimulator
		{8AD21421-C0FB-4EFC-90AC-FE2B774EB30A}.Ad-Hoc|iPhoneSimulator.Build.0 = Ad-Hoc|iPhoneSimulator
		{8AD21421-C0FB-4EFC-90AC-FE2B774EB30A}.Ad-Hoc|x64.ActiveCfg = Ad-Hoc|iPhone
		{8AD21421-C0FB-4EFC-90AC-FE2B774EB30A}.Ad-Hoc|x86.ActiveCfg = Ad-Hoc|iPhone
		{8AD21421-C0FB-4EFC-90AC-FE2B774EB30A}.AppStore|Any CPU.ActiveCfg = AppStore|iPhone
		{8AD21421-C0FB-4EFC-90AC-FE2B774EB30A}.AppStore|ARM.ActiveCfg = AppStore|iPhone
		{8AD21421-C0FB-4EFC-90AC-FE2B774EB30A}.AppStore|ARM64.ActiveCfg = AppStore|iPhone
		{8AD21421-C0FB-4EFC-90AC-FE2B774EB30A}.AppStore|iPhone.ActiveCfg = AppStore|iPhone
		{8AD21421-C0FB-4EFC-90AC-FE2B774EB30A}.AppStore|iPhone.Build.0 = AppStore|iPhone
		{8AD21421-C0FB-4EFC-90AC-FE2B774EB30A}.AppStore|iPhoneSimulator.ActiveCfg = AppStore|iPhoneSimulator
		{8AD21421-C0FB-4EFC-90AC-FE2B774EB30A}.AppStore|iPhoneSimulator.Build.0 = AppStore|iPhoneSimulator
		{8AD21421-C0FB-4EFC-90AC-FE2B774EB30A}.AppStore|x64.ActiveCfg = AppStore|iPhone
		{8AD21421-C0FB-4EFC-90AC-FE2B774EB30A}.AppStore|x86.ActiveCfg = AppStore|iPhone
		{8AD21421-C0FB-4EFC-90AC-FE2B774EB30A}.Debug|Any CPU.ActiveCfg = Debug|iPhone
		{8AD21421-C0FB-4EFC-90AC-FE2B774EB30A}.Debug|ARM.ActiveCfg = Debug|iPhone
		{8AD21421-C0FB-4EFC-90AC-FE2B774EB30A}.Debug|ARM64.ActiveCfg = Debug|iPhone
		{8AD21421-C0FB-4EFC-90AC-FE2B774EB30A}.Debug|iPhone.ActiveCfg = Debug|iPhone
		{8AD21421-C0FB-4EFC-90AC-FE2B774EB30A}.Debug|iPhone.Build.0 = Debug|iPhone
		{8AD21421-C0FB-4EFC-90AC-FE2B774EB30A}.Debug|iPhoneSimulator.ActiveCfg = Debug|iPhoneSimulator
		{8AD21421-C0FB-4EFC-90AC-FE2B774EB30A}.Debug|iPhoneSimulator.Build.0 = Debug|iPhoneSimulator
		{8AD21421-C0FB-4EFC-90AC-FE2B774EB30A}.Debug|x64.ActiveCfg = Debug|iPhone
		{8AD21421-C0FB-4EFC-90AC-FE2B774EB30A}.Debug|x86.ActiveCfg = Debug|iPhone
		{8AD21421-C0FB-4EFC-90AC-FE2B774EB30A}.Release|Any CPU.ActiveCfg = Release|iPhone
		{8AD21421-C0FB-4EFC-90AC-FE2B774EB30A}.Release|ARM.ActiveCfg = Release|iPhone
		{8AD21421-C0FB-4EFC-90AC-FE2B774EB30A}.Release|ARM64.ActiveCfg = Release|iPhone
		{8AD21421-C0FB-4EFC-90AC-FE2B774EB30A}.Release|iPhone.ActiveCfg = Release|iPhone
		{8AD21421-C0FB-4EFC-90AC-FE2B774EB30A}.Release|iPhone.Build.0 = Release|iPhone
		{8AD21421-C0FB-4EFC-90AC-FE2B774EB30A}.Release|iPhoneSimulator.ActiveCfg = Release|iPhoneSimulator
		{8AD21421-C0FB-4EFC-90AC-FE2B774EB30A}.Release|iPhoneSimulator.Build.0 = Release|iPhoneSimulator
		{8AD21421-C0FB-4EFC-90AC-FE2B774EB30A}.Release|x64.ActiveCfg = Release|iPhone
		{8AD21421-C0FB-4EFC-90AC-FE2B774EB30A}.Release|x86.ActiveCfg = Release|iPhone
		{27EFD05B-BE75-4F4A-848E-CF700D6B624E}.Ad-Hoc|Any CPU.ActiveCfg = Release|x64
		{27EFD05B-BE75-4F4A-848E-CF700D6B624E}.Ad-Hoc|Any CPU.Build.0 = Release|x64
		{27EFD05B-BE75-4F4A-848E-CF700D6B624E}.Ad-Hoc|Any CPU.Deploy.0 = Release|x64
		{27EFD05B-BE75-4F4A-848E-CF700D6B624E}.Ad-Hoc|ARM.ActiveCfg = Release|ARM
		{27EFD05B-BE75-4F4A-848E-CF700D6B624E}.Ad-Hoc|ARM.Build.0 = Release|ARM
		{27EFD05B-BE75-4F4A-848E-CF700D6B624E}.Ad-Hoc|ARM.Deploy.0 = Release|ARM
		{27EFD05B-BE75-4F4A-848E-CF700D6B624E}.Ad-Hoc|ARM64.ActiveCfg = Release|ARM64
		{27EFD05B-BE75-4F4A-848E-CF700D6B624E}.Ad-Hoc|ARM64.Build.0 = Release|ARM64
		{27EFD05B-BE75-4F4A-848E-CF700D6B624E}.Ad-Hoc|ARM64.Deploy.0 = Release|ARM64
		{27EFD05B-BE75-4F4A-848E-CF700D6B624E}.Ad-Hoc|iPhone.ActiveCfg = Release|x64
		{27EFD05B-BE75-4F4A-848E-CF700D6B624E}.Ad-Hoc|iPhone.Build.0 = Release|x64
		{27EFD05B-BE75-4F4A-848E-CF700D6B624E}.Ad-Hoc|iPhone.Deploy.0 = Release|x64
		{27EFD05B-BE75-4F4A-848E-CF700D6B624E}.Ad-Hoc|iPhoneSimulator.ActiveCfg = Release|x64
		{27EFD05B-BE75-4F4A-848E-CF700D6B624E}.Ad-Hoc|iPhoneSimulator.Build.0 = Release|x64
		{27EFD05B-BE75-4F4A-848E-CF700D6B624E}.Ad-Hoc|iPhoneSimulator.Deploy.0 = Release|x64
		{27EFD05B-BE75-4F4A-848E-CF700D6B624E}.Ad-Hoc|x64.ActiveCfg = Release|x64
		{27EFD05B-BE75-4F4A-848E-CF700D6B624E}.Ad-Hoc|x64.Build.0 = Release|x64
		{27EFD05B-BE75-4F4A-848E-CF700D6B624E}.Ad-Hoc|x64.Deploy.0 = Release|x64
		{27EFD05B-BE75-4F4A-848E-CF700D6B624E}.Ad-Hoc|x86.ActiveCfg = Release|x86
		{27EFD05B-BE75-4F4A-848E-CF700D6B624E}.Ad-Hoc|x86.Build.0 = Release|x86
		{27EFD05B-BE75-4F4A-848E-CF700D6B624E}.Ad-Hoc|x86.Deploy.0 = Release|x86
		{27EFD05B-BE75-4F4A-848E-CF700D6B624E}.AppStore|Any CPU.ActiveCfg = Release|x64
		{27EFD05B-BE75-4F4A-848E-CF700D6B624E}.AppStore|Any CPU.Build.0 = Release|x64
		{27EFD05B-BE75-4F4A-848E-CF700D6B624E}.AppStore|Any CPU.Deploy.0 = Release|x64
		{27EFD05B-BE75-4F4A-848E-CF700D6B624E}.AppStore|ARM.ActiveCfg = Release|ARM
		{27EFD05B-BE75-4F4A-848E-CF700D6B624E}.AppStore|ARM.Build.0 = Release|ARM
		{27EFD05B-BE75-4F4A-848E-CF700D6B624E}.AppStore|ARM.Deploy.0 = Release|ARM
		{27EFD05B-BE75-4F4A-848E-CF700D6B624E}.AppStore|ARM64.ActiveCfg = Release|ARM64
		{27EFD05B-BE75-4F4A-848E-CF700D6B624E}.AppStore|ARM64.Build.0 = Release|ARM64
		{27EFD05B-BE75-4F4A-848E-CF700D6B624E}.AppStore|ARM64.Deploy.0 = Release|ARM64
		{27EFD05B-BE75-4F4A-848E-CF700D6B624E}.AppStore|iPhone.ActiveCfg = Release|x64
		{27EFD05B-BE75-4F4A-848E-CF700D6B624E}.AppStore|iPhone.Build.0 = Release|x64
		{27EFD05B-BE75-4F4A-848E-CF700D6B624E}.AppStore|iPhone.Deploy.0 = Release|x64
		{27EFD05B-BE75-4F4A-848E-CF700D6B624E}.AppStore|iPhoneSimulator.ActiveCfg = Release|x64
		{27EFD05B-BE75-4F4A-848E-CF700D6B624E}.AppStore|iPhoneSimulator.Build.0 = Release|x64
		{27EFD05B-BE75-4F4A-848E-CF700D6B624E}.AppStore|iPhoneSimulator.Deploy.0 = Release|x64
		{27EFD05B-BE75-4F4A-848E-CF700D6B624E}.AppStore|x64.ActiveCfg = Release|x64
		{27EFD05B-BE75-4F4A-848E-CF700D6B624E}.AppStore|x64.Build.0 = Release|x64
		{27EFD05B-BE75-4F4A-848E-CF700D6B624E}.AppStore|x64.Deploy.0 = Release|x64
		{27EFD05B-BE75-4F4A-848E-CF700D6B624E}.AppStore|x86.ActiveCfg = Release|x86
		{27EFD05B-BE75-4F4A-848E-CF700D6B624E}.AppStore|x86.Build.0 = Release|x86
		{27EFD05B-BE75-4F4A-848E-CF700D6B624E}.AppStore|x86.Deploy.0 = Release|x86
		{27EFD05B-BE75-4F4A-848E-CF700D6B624E}.Debug|Any CPU.ActiveCfg = Debug|x86
		{27EFD05B-BE75-4F4A-848E-CF700D6B624E}.Debug|Any CPU.Build.0 = Debug|x86
		{27EFD05B-BE75-4F4A-848E-CF700D6B624E}.Debug|Any CPU.Deploy.0 = Debug|x86
		{27EFD05B-BE75-4F4A-848E-CF700D6B624E}.Debug|ARM.ActiveCfg = Debug|ARM
		{27EFD05B-BE75-4F4A-848E-CF700D6B624E}.Debug|ARM.Build.0 = Debug|ARM
		{27EFD05B-BE75-4F4A-848E-CF700D6B624E}.Debug|ARM.Deploy.0 = Debug|ARM
		{27EFD05B-BE75-4F4A-848E-CF700D6B624E}.Debug|ARM64.ActiveCfg = Debug|ARM64
		{27EFD05B-BE75-4F4A-848E-CF700D6B624E}.Debug|ARM64.Build.0 = Debug|ARM64
		{27EFD05B-BE75-4F4A-848E-CF700D6B624E}.Debug|ARM64.Deploy.0 = Debug|ARM64
		{27EFD05B-BE75-4F4A-848E-CF700D6B624E}.Debug|iPhone.ActiveCfg = Debug|x86
		{27EFD05B-BE75-4F4A-848E-CF700D6B624E}.Debug|iPhoneSimulator.ActiveCfg = Debug|x86
		{27EFD05B-BE75-4F4A-848E-CF700D6B624E}.Debug|x64.ActiveCfg = Debug|x64
		{27EFD05B-BE75-4F4A-848E-CF700D6B624E}.Debug|x64.Build.0 = Debug|x64
		{27EFD05B-BE75-4F4A-848E-CF700D6B624E}.Debug|x64.Deploy.0 = Debug|x64
		{27EFD05B-BE75-4F4A-848E-CF700D6B624E}.Debug|x86.ActiveCfg = Debug|x86
		{27EFD05B-BE75-4F4A-848E-CF700D6B624E}.Debug|x86.Build.0 = Debug|x86
		{27EFD05B-BE75-4F4A-848E-CF700D6B624E}.Debug|x86.Deploy.0 = Debug|x86
		{27EFD05B-BE75-4F4A-848E-CF700D6B624E}.Release|Any CPU.ActiveCfg = Release|x86
		{27EFD05B-BE75-4F4A-848E-CF700D6B624E}.Release|Any CPU.Build.0 = Release|x86
		{27EFD05B-BE75-4F4A-848E-CF700D6B624E}.Release|Any CPU.Deploy.0 = Release|x86
		{27EFD05B-BE75-4F4A-848E-CF700D6B624E}.Release|ARM.ActiveCfg = Release|ARM
		{27EFD05B-BE75-4F4A-848E-CF700D6B624E}.Release|ARM.Build.0 = Release|ARM
		{27EFD05B-BE75-4F4A-848E-CF700D6B624E}.Release|ARM.Deploy.0 = Release|ARM
		{27EFD05B-BE75-4F4A-848E-CF700D6B624E}.Release|ARM64.ActiveCfg = Release|ARM64
		{27EFD05B-BE75-4F4A-848E-CF700D6B624E}.Release|ARM64.Build.0 = Release|ARM64
		{27EFD05B-BE75-4F4A-848E-CF700D6B624E}.Release|ARM64.Deploy.0 = Release|ARM64
		{27EFD05B-BE75-4F4A-848E-CF700D6B624E}.Release|iPhone.ActiveCfg = Release|x86
		{27EFD05B-BE75-4F4A-848E-CF700D6B624E}.Release|iPhoneSimulator.ActiveCfg = Release|x86
		{27EFD05B-BE75-4F4A-848E-CF700D6B624E}.Release|x64.ActiveCfg = Release|x64
		{27EFD05B-BE75-4F4A-848E-CF700D6B624E}.Release|x64.Build.0 = Release|x64
		{27EFD05B-BE75-4F4A-848E-CF700D6B624E}.Release|x64.Deploy.0 = Release|x64
		{27EFD05B-BE75-4F4A-848E-CF700D6B624E}.Release|x86.ActiveCfg = Release|x86
		{27EFD05B-BE75-4F4A-848E-CF700D6B624E}.Release|x86.Build.0 = Release|x86
		{27EFD05B-BE75-4F4A-848E-CF700D6B624E}.Release|x86.Deploy.0 = Release|x86
		{1DFB5EBC-1AC1-496D-BEC7-8E0D19A6CCC1}.Ad-Hoc|Any CPU.ActiveCfg = Debug|Any CPU
		{1DFB5EBC-1AC1-496D-BEC7-8E0D19A6CCC1}.Ad-Hoc|Any CPU.Build.0 = Debug|Any CPU
		{1DFB5EBC-1AC1-496D-BEC7-8E0D19A6CCC1}.Ad-Hoc|ARM.ActiveCfg = Debug|Any CPU
		{1DFB5EBC-1AC1-496D-BEC7-8E0D19A6CCC1}.Ad-Hoc|ARM.Build.0 = Debug|Any CPU
		{1DFB5EBC-1AC1-496D-BEC7-8E0D19A6CCC1}.Ad-Hoc|ARM64.ActiveCfg = Debug|Any CPU
		{1DFB5EBC-1AC1-496D-BEC7-8E0D19A6CCC1}.Ad-Hoc|ARM64.Build.0 = Debug|Any CPU
		{1DFB5EBC-1AC1-496D-BEC7-8E0D19A6CCC1}.Ad-Hoc|iPhone.ActiveCfg = Debug|Any CPU
		{1DFB5EBC-1AC1-496D-BEC7-8E0D19A6CCC1}.Ad-Hoc|iPhone.Build.0 = Debug|Any CPU
		{1DFB5EBC-1AC1-496D-BEC7-8E0D19A6CCC1}.Ad-Hoc|iPhoneSimulator.ActiveCfg = Debug|Any CPU
		{1DFB5EBC-1AC1-496D-BEC7-8E0D19A6CCC1}.Ad-Hoc|iPhoneSimulator.Build.0 = Debug|Any CPU
		{1DFB5EBC-1AC1-496D-BEC7-8E0D19A6CCC1}.Ad-Hoc|x64.ActiveCfg = Debug|Any CPU
		{1DFB5EBC-1AC1-496D-BEC7-8E0D19A6CCC1}.Ad-Hoc|x64.Build.0 = Debug|Any CPU
		{1DFB5EBC-1AC1-496D-BEC7-8E0D19A6CCC1}.Ad-Hoc|x86.ActiveCfg = Debug|Any CPU
		{1DFB5EBC-1AC1-496D-BEC7-8E0D19A6CCC1}.Ad-Hoc|x86.Build.0 = Debug|Any CPU
		{1DFB5EBC-1AC1-496D-BEC7-8E0D19A6CCC1}.AppStore|Any CPU.ActiveCfg = Debug|Any CPU
		{1DFB5EBC-1AC1-496D-BEC7-8E0D19A6CCC1}.AppStore|Any CPU.Build.0 = Debug|Any CPU
		{1DFB5EBC-1AC1-496D-BEC7-8E0D19A6CCC1}.AppStore|ARM.ActiveCfg = Debug|Any CPU
		{1DFB5EBC-1AC1-496D-BEC7-8E0D19A6CCC1}.AppStore|ARM.Build.0 = Debug|Any CPU
		{1DFB5EBC-1AC1-496D-BEC7-8E0D19A6CCC1}.AppStore|ARM64.ActiveCfg = Debug|Any CPU
		{1DFB5EBC-1AC1-496D-BEC7-8E0D19A6CCC1}.AppStore|ARM64.Build.0 = Debug|Any CPU
		{1DFB5EBC-1AC1-496D-BEC7-8E0D19A6CCC1}.AppStore|iPhone.ActiveCfg = Debug|Any CPU
		{1DFB5EBC-1AC1-496D-BEC7-8E0D19A6CCC1}.AppStore|iPhone.Build.0 = Debug|Any CPU
		{1DFB5EBC-1AC1-496D-BEC7-8E0D19A6CCC1}.AppStore|iPhoneSimulator.ActiveCfg = Debug|Any CPU
		{1DFB5EBC-1AC1-496D-BEC7-8E0D19A6CCC1}.AppStore|iPhoneSimulator.Build.0 = Debug|Any CPU
		{1DFB5EBC-1AC1-496D-BEC7-8E0D19A6CCC1}.AppStore|x64.ActiveCfg = Debug|Any CPU
		{1DFB5EBC-1AC1-496D-BEC7-8E0D19A6CCC1}.AppStore|x64.Build.0 = Debug|Any CPU
		{1DFB5EBC-1AC1-496D-BEC7-8E0D19A6CCC1}.AppStore|x86.ActiveCfg = Debug|Any CPU
		{1DFB5EBC-1AC1-496D-BEC7-8E0D19A6CCC1}.AppStore|x86.Build.0 = Debug|Any CPU
		{1DFB5EBC-1AC1-496D-BEC7-8E0D19A6CCC1}.Debug|Any CPU.ActiveCfg = Debug|Any CPU
		{1DFB5EBC-1AC1-496D-BEC7-8E0D19A6CCC1}.Debug|Any CPU.Build.0 = Debug|Any CPU
		{1DFB5EBC-1AC1-496D-BEC7-8E0D19A6CCC1}.Debug|ARM.ActiveCfg = Debug|Any CPU
		{1DFB5EBC-1AC1-496D-BEC7-8E0D19A6CCC1}.Debug|ARM.Build.0 = Debug|Any CPU
		{1DFB5EBC-1AC1-496D-BEC7-8E0D19A6CCC1}.Debug|ARM64.ActiveCfg = Debug|Any CPU
		{1DFB5EBC-1AC1-496D-BEC7-8E0D19A6CCC1}.Debug|ARM64.Build.0 = Debug|Any CPU
		{1DFB5EBC-1AC1-496D-BEC7-8E0D19A6CCC1}.Debug|iPhone.ActiveCfg = Debug|Any CPU
		{1DFB5EBC-1AC1-496D-BEC7-8E0D19A6CCC1}.Debug|iPhone.Build.0 = Debug|Any CPU
		{1DFB5EBC-1AC1-496D-BEC7-8E0D19A6CCC1}.Debug|iPhoneSimulator.ActiveCfg = Debug|Any CPU
		{1DFB5EBC-1AC1-496D-BEC7-8E0D19A6CCC1}.Debug|iPhoneSimulator.Build.0 = Debug|Any CPU
		{1DFB5EBC-1AC1-496D-BEC7-8E0D19A6CCC1}.Debug|x64.ActiveCfg = Debug|Any CPU
		{1DFB5EBC-1AC1-496D-BEC7-8E0D19A6CCC1}.Debug|x64.Build.0 = Debug|Any CPU
		{1DFB5EBC-1AC1-496D-BEC7-8E0D19A6CCC1}.Debug|x86.ActiveCfg = Debug|Any CPU
		{1DFB5EBC-1AC1-496D-BEC7-8E0D19A6CCC1}.Debug|x86.Build.0 = Debug|Any CPU
		{1DFB5EBC-1AC1-496D-BEC7-8E0D19A6CCC1}.Release|Any CPU.ActiveCfg = Release|Any CPU
		{1DFB5EBC-1AC1-496D-BEC7-8E0D19A6CCC1}.Release|ARM.ActiveCfg = Release|Any CPU
		{1DFB5EBC-1AC1-496D-BEC7-8E0D19A6CCC1}.Release|ARM.Build.0 = Release|Any CPU
		{1DFB5EBC-1AC1-496D-BEC7-8E0D19A6CCC1}.Release|ARM64.ActiveCfg = Release|Any CPU
		{1DFB5EBC-1AC1-496D-BEC7-8E0D19A6CCC1}.Release|ARM64.Build.0 = Release|Any CPU
		{1DFB5EBC-1AC1-496D-BEC7-8E0D19A6CCC1}.Release|iPhone.ActiveCfg = Release|Any CPU
		{1DFB5EBC-1AC1-496D-BEC7-8E0D19A6CCC1}.Release|iPhone.Build.0 = Release|Any CPU
		{1DFB5EBC-1AC1-496D-BEC7-8E0D19A6CCC1}.Release|iPhoneSimulator.ActiveCfg = Release|Any CPU
		{1DFB5EBC-1AC1-496D-BEC7-8E0D19A6CCC1}.Release|iPhoneSimulator.Build.0 = Release|Any CPU
		{1DFB5EBC-1AC1-496D-BEC7-8E0D19A6CCC1}.Release|x64.ActiveCfg = Release|Any CPU
		{1DFB5EBC-1AC1-496D-BEC7-8E0D19A6CCC1}.Release|x64.Build.0 = Release|Any CPU
		{1DFB5EBC-1AC1-496D-BEC7-8E0D19A6CCC1}.Release|x86.ActiveCfg = Release|Any CPU
		{1DFB5EBC-1AC1-496D-BEC7-8E0D19A6CCC1}.Release|x86.Build.0 = Release|Any CPU
		{501E7890-708A-4B4E-96DA-23E1DF627074}.Ad-Hoc|Any CPU.ActiveCfg = Release|iPhoneSimulator
		{501E7890-708A-4B4E-96DA-23E1DF627074}.Ad-Hoc|Any CPU.Build.0 = Release|iPhoneSimulator
		{501E7890-708A-4B4E-96DA-23E1DF627074}.Ad-Hoc|ARM.ActiveCfg = Release|iPhoneSimulator
		{501E7890-708A-4B4E-96DA-23E1DF627074}.Ad-Hoc|ARM.Build.0 = Release|iPhoneSimulator
		{501E7890-708A-4B4E-96DA-23E1DF627074}.Ad-Hoc|ARM64.ActiveCfg = Release|iPhoneSimulator
		{501E7890-708A-4B4E-96DA-23E1DF627074}.Ad-Hoc|ARM64.Build.0 = Release|iPhoneSimulator
		{501E7890-708A-4B4E-96DA-23E1DF627074}.Ad-Hoc|iPhone.ActiveCfg = Release|iPhoneSimulator
		{501E7890-708A-4B4E-96DA-23E1DF627074}.Ad-Hoc|iPhone.Build.0 = Release|iPhoneSimulator
		{501E7890-708A-4B4E-96DA-23E1DF627074}.Ad-Hoc|iPhoneSimulator.ActiveCfg = Release|iPhoneSimulator
		{501E7890-708A-4B4E-96DA-23E1DF627074}.Ad-Hoc|iPhoneSimulator.Build.0 = Release|iPhoneSimulator
		{501E7890-708A-4B4E-96DA-23E1DF627074}.Ad-Hoc|x64.ActiveCfg = Release|iPhoneSimulator
		{501E7890-708A-4B4E-96DA-23E1DF627074}.Ad-Hoc|x64.Build.0 = Release|iPhoneSimulator
		{501E7890-708A-4B4E-96DA-23E1DF627074}.Ad-Hoc|x86.ActiveCfg = Release|iPhoneSimulator
		{501E7890-708A-4B4E-96DA-23E1DF627074}.Ad-Hoc|x86.Build.0 = Release|iPhoneSimulator
		{501E7890-708A-4B4E-96DA-23E1DF627074}.AppStore|Any CPU.ActiveCfg = Release|iPhoneSimulator
		{501E7890-708A-4B4E-96DA-23E1DF627074}.AppStore|Any CPU.Build.0 = Release|iPhoneSimulator
		{501E7890-708A-4B4E-96DA-23E1DF627074}.AppStore|ARM.ActiveCfg = Release|iPhoneSimulator
		{501E7890-708A-4B4E-96DA-23E1DF627074}.AppStore|ARM.Build.0 = Release|iPhoneSimulator
		{501E7890-708A-4B4E-96DA-23E1DF627074}.AppStore|ARM64.ActiveCfg = Release|iPhoneSimulator
		{501E7890-708A-4B4E-96DA-23E1DF627074}.AppStore|ARM64.Build.0 = Release|iPhoneSimulator
		{501E7890-708A-4B4E-96DA-23E1DF627074}.AppStore|iPhone.ActiveCfg = Release|iPhoneSimulator
		{501E7890-708A-4B4E-96DA-23E1DF627074}.AppStore|iPhone.Build.0 = Release|iPhoneSimulator
		{501E7890-708A-4B4E-96DA-23E1DF627074}.AppStore|iPhoneSimulator.ActiveCfg = Release|iPhoneSimulator
		{501E7890-708A-4B4E-96DA-23E1DF627074}.AppStore|iPhoneSimulator.Build.0 = Release|iPhoneSimulator
		{501E7890-708A-4B4E-96DA-23E1DF627074}.AppStore|x64.ActiveCfg = Release|iPhoneSimulator
		{501E7890-708A-4B4E-96DA-23E1DF627074}.AppStore|x64.Build.0 = Release|iPhoneSimulator
		{501E7890-708A-4B4E-96DA-23E1DF627074}.AppStore|x86.ActiveCfg = Release|iPhoneSimulator
		{501E7890-708A-4B4E-96DA-23E1DF627074}.AppStore|x86.Build.0 = Release|iPhoneSimulator
		{501E7890-708A-4B4E-96DA-23E1DF627074}.Debug|Any CPU.ActiveCfg = Debug|iPhoneSimulator
		{501E7890-708A-4B4E-96DA-23E1DF627074}.Debug|ARM.ActiveCfg = Debug|iPhoneSimulator
		{501E7890-708A-4B4E-96DA-23E1DF627074}.Debug|ARM64.ActiveCfg = Debug|iPhoneSimulator
		{501E7890-708A-4B4E-96DA-23E1DF627074}.Debug|iPhone.ActiveCfg = Debug|iPhoneSimulator
		{501E7890-708A-4B4E-96DA-23E1DF627074}.Debug|iPhoneSimulator.ActiveCfg = Debug|iPhoneSimulator
		{501E7890-708A-4B4E-96DA-23E1DF627074}.Debug|iPhoneSimulator.Build.0 = Debug|iPhoneSimulator
		{501E7890-708A-4B4E-96DA-23E1DF627074}.Debug|x64.ActiveCfg = Debug|iPhoneSimulator
		{501E7890-708A-4B4E-96DA-23E1DF627074}.Debug|x86.ActiveCfg = Debug|iPhoneSimulator
		{501E7890-708A-4B4E-96DA-23E1DF627074}.Release|Any CPU.ActiveCfg = Release|iPhoneSimulator
		{501E7890-708A-4B4E-96DA-23E1DF627074}.Release|ARM.ActiveCfg = Release|iPhoneSimulator
		{501E7890-708A-4B4E-96DA-23E1DF627074}.Release|ARM64.ActiveCfg = Release|iPhoneSimulator
		{501E7890-708A-4B4E-96DA-23E1DF627074}.Release|iPhone.ActiveCfg = Release|iPhoneSimulator
		{501E7890-708A-4B4E-96DA-23E1DF627074}.Release|iPhoneSimulator.ActiveCfg = Release|iPhoneSimulator
		{501E7890-708A-4B4E-96DA-23E1DF627074}.Release|iPhoneSimulator.Build.0 = Release|iPhoneSimulator
		{501E7890-708A-4B4E-96DA-23E1DF627074}.Release|x64.ActiveCfg = Release|iPhoneSimulator
		{501E7890-708A-4B4E-96DA-23E1DF627074}.Release|x86.ActiveCfg = Release|iPhoneSimulator
	EndGlobalSection
	GlobalSection(SolutionProperties) = preSolution
		HideSolutionNode = FALSE
	EndGlobalSection
	GlobalSection(NestedProjects) = preSolution
		{9FB74CE4-E929-49A6-80E5-302C0AFB00A6} = {8D0D1805-2F0B-4C97-AA01-7648BEDA25D7}
		{8AD21421-C0FB-4EFC-90AC-FE2B774EB30A} = {8D0D1805-2F0B-4C97-AA01-7648BEDA25D7}
		{27EFD05B-BE75-4F4A-848E-CF700D6B624E} = {8D0D1805-2F0B-4C97-AA01-7648BEDA25D7}
		{1DFB5EBC-1AC1-496D-BEC7-8E0D19A6CCC1} = {8D0D1805-2F0B-4C97-AA01-7648BEDA25D7}
		{501E7890-708A-4B4E-96DA-23E1DF627074} = {8D0D1805-2F0B-4C97-AA01-7648BEDA25D7}
	EndGlobalSection
	GlobalSection(ExtensibilityGlobals) = postSolution
		SolutionGuid = {F81E1071-AEAD-4D2C-8F74-ABFD8B80DCCA}
	EndGlobalSection
EndGlobal
